{
  "originHash" : "2b6d335272326468abc2114223e2ce9f2cf9645d68fa4e525733ecbf43f90359",
  "pins" : [
    {
      "identity" : "swiftsoup",
      "kind" : "remoteSourceControl",
      "location" : "https://github.com/scinfu/SwiftSoup.git",
      "state" : {
        "revision" : "04a5da442816f764b2a8513c38420b4e6605145b",
        "version" : "2.10.1"
      }
    }
  ],
  "version" : 3
}
