// !$*UTF8*$!
{
	archiveVersion = 1;
	classes = {
	};
	objectVersion = 77;
	objects = {

/* Begin PBXBuildFile section */
		D0SPMBLD2E459D3A00017664B /* SwiftSoup in Frameworks */ = {isa = PBXBuildFile; productRef = D0SPMPROD2E459D3A00017664B /* SwiftSoup */; };
/* End PBXBuildFile section */

/* Begin PBXContainerItemProxy section */
		D0C2BFAD2E459D390017664B /* PBXContainerItemProxy */ = {
			isa = PBXContainerItemProxy;
			containerPortal = D0C2BF942E459D370017664B /* Project object */;
			proxyType = 1;
			remoteGlobalIDString = D0C2BF9B2E459D370017664B;
			remoteInfo = Walle;
		};
		D0C2BFB72E459D390017664B /* PBXContainerItemProxy */ = {
			isa = PBXContainerItemProxy;
			containerPortal = D0C2BF942E459D370017664B /* Project object */;
			proxyType = 1;
			remoteGlobalIDString = D0C2BF9B2E459D370017664B;
			remoteInfo = Walle;
		};
/* End PBXContainerItemProxy section */

/* Begin PBXFileReference section */
		D0043E932E45BA6F003F55D4 /* WalleScreensaver.saver */ = {isa = PBXFileReference; explicitFileType = wrapper.cfbundle; includeInIndex = 0; path = WalleScreensaver.saver; sourceTree = BUILT_PRODUCTS_DIR; };
		D0C2BF9C2E459D370017664B /* Walle.app */ = {isa = PBXFileReference; explicitFileType = wrapper.application; includeInIndex = 0; path = Walle.app; sourceTree = BUILT_PRODUCTS_DIR; };
		D0C2BFAC2E459D390017664B /* WalleTests.xctest */ = {isa = PBXFileReference; explicitFileType = wrapper.cfbundle; includeInIndex = 0; path = WalleTests.xctest; sourceTree = BUILT_PRODUCTS_DIR; };
		D0C2BFB62E459D390017664B /* WalleUITests.xctest */ = {isa = PBXFileReference; explicitFileType = wrapper.cfbundle; includeInIndex = 0; path = WalleUITests.xctest; sourceTree = BUILT_PRODUCTS_DIR; };
/* End PBXFileReference section */

/* Begin PBXFileSystemSynchronizedRootGroup section */
		D0043E942E45BA6F003F55D4 /* WalleScreensaver */ = {
			isa = PBXFileSystemSynchronizedRootGroup;
			path = WalleScreensaver;
			sourceTree = "<group>";
		};
		D0C2BF9E2E459D370017664B /* Walle */ = {
			isa = PBXFileSystemSynchronizedRootGroup;
			path = Walle;
			sourceTree = "<group>";
		};
		D0C2BFAF2E459D390017664B /* WalleTests */ = {
			isa = PBXFileSystemSynchronizedRootGroup;
			path = WalleTests;
			sourceTree = "<group>";
		};
		D0C2BFB92E459D390017664B /* WalleUITests */ = {
			isa = PBXFileSystemSynchronizedRootGroup;
			path = WalleUITests;
			sourceTree = "<group>";
		};
/* End PBXFileSystemSynchronizedRootGroup section */

/* Begin PBXFrameworksBuildPhase section */
		D0043E902E45BA6F003F55D4 /* Frameworks */ = {
			isa = PBXFrameworksBuildPhase;
			buildActionMask = 2147483647;
			files = (
			);
			runOnlyForDeploymentPostprocessing = 0;
		};
		D0C2BF992E459D370017664B /* Frameworks */ = {
			isa = PBXFrameworksBuildPhase;
			buildActionMask = 2147483647;
			files = (
				D0SPMBLD2E459D3A00017664B /* SwiftSoup in Frameworks */,
			);
			runOnlyForDeploymentPostprocessing = 0;
		};
		D0C2BFA92E459D390017664B /* Frameworks */ = {
			isa = PBXFrameworksBuildPhase;
			buildActionMask = 2147483647;
			files = (
			);
			runOnlyForDeploymentPostprocessing = 0;
		};
		D0C2BFB32E459D390017664B /* Frameworks */ = {
			isa = PBXFrameworksBuildPhase;
			buildActionMask = 2147483647;
			files = (
			);
			runOnlyForDeploymentPostprocessing = 0;
		};
/* End PBXFrameworksBuildPhase section */

/* Begin PBXGroup section */
		D0C2BF932E459D370017664B = {
			isa = PBXGroup;
			children = (
				D0C2BF9E2E459D370017664B /* Walle */,
				D0C2BFAF2E459D390017664B /* WalleTests */,
				D0C2BFB92E459D390017664B /* WalleUITests */,
				D0043E942E45BA6F003F55D4 /* WalleScreensaver */,
				D0C2BF9D2E459D370017664B /* Products */,
			);
			sourceTree = "<group>";
		};
		D0C2BF9D2E459D370017664B /* Products */ = {
			isa = PBXGroup;
			children = (
				D0C2BF9C2E459D370017664B /* Walle.app */,
				D0C2BFAC2E459D390017664B /* WalleTests.xctest */,
				D0C2BFB62E459D390017664B /* WalleUITests.xctest */,
				D0043E932E45BA6F003F55D4 /* WalleScreensaver.saver */,
			);
			name = Products;
			sourceTree = "<group>";
		};
/* End PBXGroup section */

/* Begin PBXHeadersBuildPhase section */
		D0043E8E2E45BA6F003F55D4 /* Headers */ = {
			isa = PBXHeadersBuildPhase;
			buildActionMask = 2147483647;
			files = (
			);
			runOnlyForDeploymentPostprocessing = 0;
		};
/* End PBXHeadersBuildPhase section */

/* Begin PBXNativeTarget section */
		D0043E922E45BA6F003F55D4 /* WalleScreensaver */ = {
			isa = PBXNativeTarget;
			buildConfigurationList = D0043E9B2E45BA6F003F55D4 /* Build configuration list for PBXNativeTarget "WalleScreensaver" */;
			buildPhases = (
				D0043E8E2E45BA6F003F55D4 /* Headers */,
				D0043E8F2E45BA6F003F55D4 /* Sources */,
				D0043E902E45BA6F003F55D4 /* Frameworks */,
				D0043E912E45BA6F003F55D4 /* Resources */,
			);
			buildRules = (
			);
			dependencies = (
			);
			fileSystemSynchronizedGroups = (
				D0043E942E45BA6F003F55D4 /* WalleScreensaver */,
			);
			name = WalleScreensaver;
			packageProductDependencies = (
			);
			productName = WalleScreensaver;
			productReference = D0043E932E45BA6F003F55D4 /* WalleScreensaver.saver */;
			productType = "com.apple.product-type.bundle";
		};
		D0C2BF9B2E459D370017664B /* Walle */ = {
			isa = PBXNativeTarget;
			buildConfigurationList = D0C2BFC02E459D390017664B /* Build configuration list for PBXNativeTarget "Walle" */;
			buildPhases = (
				D0C2BF982E459D370017664B /* Sources */,
				D0C2BF992E459D370017664B /* Frameworks */,
				D0C2BF9A2E459D370017664B /* Resources */,
			);
			buildRules = (
			);
			dependencies = (
			);
			fileSystemSynchronizedGroups = (
				D0C2BF9E2E459D370017664B /* Walle */,
			);
			name = Walle;
			packageProductDependencies = (
				D0SPMPROD2E459D3A00017664B /* SwiftSoup */,
			);
			productName = Walle;
			productReference = D0C2BF9C2E459D370017664B /* Walle.app */;
			productType = "com.apple.product-type.application";
		};
		D0C2BFAB2E459D390017664B /* WalleTests */ = {
			isa = PBXNativeTarget;
			buildConfigurationList = D0C2BFC32E459D390017664B /* Build configuration list for PBXNativeTarget "WalleTests" */;
			buildPhases = (
				D0C2BFA82E459D390017664B /* Sources */,
				D0C2BFA92E459D390017664B /* Frameworks */,
				D0C2BFAA2E459D390017664B /* Resources */,
			);
			buildRules = (
			);
			dependencies = (
				D0C2BFAE2E459D390017664B /* PBXTargetDependency */,
			);
			fileSystemSynchronizedGroups = (
				D0C2BFAF2E459D390017664B /* WalleTests */,
			);
			name = WalleTests;
			packageProductDependencies = (
			);
			productName = WalleTests;
			productReference = D0C2BFAC2E459D390017664B /* WalleTests.xctest */;
			productType = "com.apple.product-type.bundle.unit-test";
		};
		D0C2BFB52E459D390017664B /* WalleUITests */ = {
			isa = PBXNativeTarget;
			buildConfigurationList = D0C2BFC62E459D390017664B /* Build configuration list for PBXNativeTarget "WalleUITests" */;
			buildPhases = (
				D0C2BFB22E459D390017664B /* Sources */,
				D0C2BFB32E459D390017664B /* Frameworks */,
				D0C2BFB42E459D390017664B /* Resources */,
			);
			buildRules = (
			);
			dependencies = (
				D0C2BFB82E459D390017664B /* PBXTargetDependency */,
			);
			fileSystemSynchronizedGroups = (
				D0C2BFB92E459D390017664B /* WalleUITests */,
			);
			name = WalleUITests;
			packageProductDependencies = (
			);
			productName = WalleUITests;
			productReference = D0C2BFB62E459D390017664B /* WalleUITests.xctest */;
			productType = "com.apple.product-type.bundle.ui-testing";
		};
/* End PBXNativeTarget section */

/* Begin PBXProject section */
		D0C2BF942E459D370017664B /* Project object */ = {
			isa = PBXProject;
			attributes = {
				BuildIndependentTargetsInParallel = 1;
				LastSwiftUpdateCheck = 1640;
				LastUpgradeCheck = 1640;
				TargetAttributes = {
					D0043E922E45BA6F003F55D4 = {
						CreatedOnToolsVersion = 16.4;
					};
					D0C2BF9B2E459D370017664B = {
						CreatedOnToolsVersion = 16.4;
					};
					D0C2BFAB2E459D390017664B = {
						CreatedOnToolsVersion = 16.4;
						TestTargetID = D0C2BF9B2E459D370017664B;
					};
					D0C2BFB52E459D390017664B = {
						CreatedOnToolsVersion = 16.4;
						TestTargetID = D0C2BF9B2E459D370017664B;
					};
				};
			};
			buildConfigurationList = D0C2BF972E459D370017664B /* Build configuration list for PBXProject "Walle" */;
			developmentRegion = en;
			hasScannedForEncodings = 0;
			knownRegions = (
				en,
				Base,
			);
			mainGroup = D0C2BF932E459D370017664B;
			minimizedProjectReferenceProxies = 1;
			preferredProjectObjectVersion = 77;
			productRefGroup = D0C2BF9D2E459D370017664B /* Products */;
			projectDirPath = "";
			projectRoot = "";
			packageReferences = (
				D0SPMPKG2E459D3A00017664B /* XCRemoteSwiftPackageReference "SwiftSoup" */,
			);
			targets = (
				D0C2BF9B2E459D370017664B /* Walle */,
				D0C2BFAB2E459D390017664B /* WalleTests */,
				D0C2BFB52E459D390017664B /* WalleUITests */,
				D0043E922E45BA6F003F55D4 /* WalleScreensaver */,
			);
		};
/* End PBXProject section */

/* Begin PBXResourcesBuildPhase section */
		D0043E912E45BA6F003F55D4 /* Resources */ = {
			isa = PBXResourcesBuildPhase;
			buildActionMask = 2147483647;
			files = (
			);
			runOnlyForDeploymentPostprocessing = 0;
		};
		D0C2BF9A2E459D370017664B /* Resources */ = {
			isa = PBXResourcesBuildPhase;
			buildActionMask = 2147483647;
			files = (
			);
			runOnlyForDeploymentPostprocessing = 0;
		};
		D0C2BFAA2E459D390017664B /* Resources */ = {
			isa = PBXResourcesBuildPhase;
			buildActionMask = 2147483647;
			files = (
			);
			runOnlyForDeploymentPostprocessing = 0;
		};
		D0C2BFB42E459D390017664B /* Resources */ = {
			isa = PBXResourcesBuildPhase;
			buildActionMask = 2147483647;
			files = (
			);
			runOnlyForDeploymentPostprocessing = 0;
		};
/* End PBXResourcesBuildPhase section */

/* Begin PBXSourcesBuildPhase section */
		D0043E8F2E45BA6F003F55D4 /* Sources */ = {
			isa = PBXSourcesBuildPhase;
			buildActionMask = 2147483647;
			files = (
			);
			runOnlyForDeploymentPostprocessing = 0;
		};
		D0C2BF982E459D370017664B /* Sources */ = {
			isa = PBXSourcesBuildPhase;
			buildActionMask = 2147483647;
			files = (
			);
			runOnlyForDeploymentPostprocessing = 0;
		};
		D0C2BFA82E459D390017664B /* Sources */ = {
			isa = PBXSourcesBuildPhase;
			buildActionMask = 2147483647;
			files = (
			);
			runOnlyForDeploymentPostprocessing = 0;
		};
		D0C2BFB22E459D390017664B /* Sources */ = {
			isa = PBXSourcesBuildPhase;
			buildActionMask = 2147483647;
			files = (
			);
			runOnlyForDeploymentPostprocessing = 0;
		};
/* End PBXSourcesBuildPhase section */

/* Begin PBXTargetDependency section */
		D0C2BFAE2E459D390017664B /* PBXTargetDependency */ = {
			isa = PBXTargetDependency;
			target = D0C2BF9B2E459D370017664B /* Walle */;
			targetProxy = D0C2BFAD2E459D390017664B /* PBXContainerItemProxy */;
		};
		D0C2BFB82E459D390017664B /* PBXTargetDependency */ = {
			isa = PBXTargetDependency;
			target = D0C2BF9B2E459D370017664B /* Walle */;
			targetProxy = D0C2BFB72E459D390017664B /* PBXContainerItemProxy */;
		};
/* End PBXTargetDependency section */

/* Begin XCBuildConfiguration section */
		D0043E992E45BA6F003F55D4 /* Debug */ = {
			isa = XCBuildConfiguration;
			buildSettings = {
				CODE_SIGN_STYLE = Automatic;
				COMBINE_HIDPI_IMAGES = YES;
				CURRENT_PROJECT_VERSION = 1;
				GENERATE_INFOPLIST_FILE = YES;
				INFOPLIST_KEY_NSHumanReadableCopyright = "";
				INFOPLIST_KEY_NSPrincipalClass = WalleScreensaverView;
				INSTALL_PATH = "$(HOME)/Library/Screen Savers";
				MARKETING_VERSION = 1.0;
				PRODUCT_BUNDLE_IDENTIFIER = brew.org.WalleScreensaver;
				PRODUCT_NAME = "$(TARGET_NAME)";
				SWIFT_EMIT_LOC_STRINGS = YES;
				WRAPPER_EXTENSION = saver;
			};
			name = Debug;
		};
		D0043E9A2E45BA6F003F55D4 /* Release */ = {
			isa = XCBuildConfiguration;
			buildSettings = {
				CODE_SIGN_STYLE = Automatic;
				COMBINE_HIDPI_IMAGES = YES;
				CURRENT_PROJECT_VERSION = 1;
				GENERATE_INFOPLIST_FILE = YES;
				INFOPLIST_KEY_NSHumanReadableCopyright = "";
				INFOPLIST_KEY_NSPrincipalClass = WalleScreensaverView;
				INSTALL_PATH = "$(HOME)/Library/Screen Savers";
				MARKETING_VERSION = 1.0;
				PRODUCT_BUNDLE_IDENTIFIER = brew.org.WalleScreensaver;
				PRODUCT_NAME = "$(TARGET_NAME)";
				SWIFT_EMIT_LOC_STRINGS = YES;
				WRAPPER_EXTENSION = saver;
			};
			name = Release;
		};
		D0C2BFBE2E459D390017664B /* Debug */ = {
			isa = XCBuildConfiguration;
			buildSettings = {
				ALWAYS_SEARCH_USER_PATHS = NO;
				ASSETCATALOG_COMPILER_GENERATE_SWIFT_ASSET_SYMBOL_EXTENSIONS = YES;
				CLANG_ANALYZER_NONNULL = YES;
				CLANG_ANALYZER_NUMBER_OBJECT_CONVERSION = YES_AGGRESSIVE;
				CLANG_CXX_LANGUAGE_STANDARD = "gnu++20";
				CLANG_ENABLE_MODULES = YES;
				CLANG_ENABLE_OBJC_ARC = YES;
				CLANG_ENABLE_OBJC_WEAK = YES;
				CLANG_WARN_BLOCK_CAPTURE_AUTORELEASING = YES;
				CLANG_WARN_BOOL_CONVERSION = YES;
				CLANG_WARN_COMMA = YES;
				CLANG_WARN_CONSTANT_CONVERSION = YES;
				CLANG_WARN_DEPRECATED_OBJC_IMPLEMENTATIONS = YES;
				CLANG_WARN_DIRECT_OBJC_ISA_USAGE = YES_ERROR;
				CLANG_WARN_DOCUMENTATION_COMMENTS = YES;
				CLANG_WARN_EMPTY_BODY = YES;
				CLANG_WARN_ENUM_CONVERSION = YES;
				CLANG_WARN_INFINITE_RECURSION = YES;
				CLANG_WARN_INT_CONVERSION = YES;
				CLANG_WARN_NON_LITERAL_NULL_CONVERSION = YES;
				CLANG_WARN_OBJC_IMPLICIT_RETAIN_SELF = YES;
				CLANG_WARN_OBJC_LITERAL_CONVERSION = YES;
				CLANG_WARN_OBJC_ROOT_CLASS = YES_ERROR;
				CLANG_WARN_QUOTED_INCLUDE_IN_FRAMEWORK_HEADER = YES;
				CLANG_WARN_RANGE_LOOP_ANALYSIS = YES;
				CLANG_WARN_STRICT_PROTOTYPES = YES;
				CLANG_WARN_SUSPICIOUS_MOVE = YES;
				CLANG_WARN_UNGUARDED_AVAILABILITY = YES_AGGRESSIVE;
				CLANG_WARN_UNREACHABLE_CODE = YES;
				CLANG_WARN__DUPLICATE_METHOD_MATCH = YES;
				COPY_PHASE_STRIP = NO;
				DEBUG_INFORMATION_FORMAT = dwarf;
				ENABLE_STRICT_OBJC_MSGSEND = YES;
				ENABLE_TESTABILITY = YES;
				ENABLE_USER_SCRIPT_SANDBOXING = YES;
				GCC_C_LANGUAGE_STANDARD = gnu17;
				GCC_DYNAMIC_NO_PIC = NO;
				GCC_NO_COMMON_BLOCKS = YES;
				GCC_OPTIMIZATION_LEVEL = 0;
				GCC_PREPROCESSOR_DEFINITIONS = (
					"DEBUG=1",
					"$(inherited)",
				);
				GCC_WARN_64_TO_32_BIT_CONVERSION = YES;
				GCC_WARN_ABOUT_RETURN_TYPE = YES_ERROR;
				GCC_WARN_UNDECLARED_SELECTOR = YES;
				GCC_WARN_UNINITIALIZED_AUTOS = YES_AGGRESSIVE;
				GCC_WARN_UNUSED_FUNCTION = YES;
				GCC_WARN_UNUSED_VARIABLE = YES;
				LOCALIZATION_PREFERS_STRING_CATALOGS = YES;
				MACOSX_DEPLOYMENT_TARGET = 15.5;
				MTL_ENABLE_DEBUG_INFO = INCLUDE_SOURCE;
				MTL_FAST_MATH = YES;
				ONLY_ACTIVE_ARCH = YES;
				SDKROOT = macosx;
				SWIFT_ACTIVE_COMPILATION_CONDITIONS = "DEBUG $(inherited)";
				SWIFT_OPTIMIZATION_LEVEL = "-Onone";
			};
			name = Debug;
		};
		D0C2BFBF2E459D390017664B /* Release */ = {
			isa = XCBuildConfiguration;
			buildSettings = {
				ALWAYS_SEARCH_USER_PATHS = NO;
				ASSETCATALOG_COMPILER_GENERATE_SWIFT_ASSET_SYMBOL_EXTENSIONS = YES;
				CLANG_ANALYZER_NONNULL = YES;
				CLANG_ANALYZER_NUMBER_OBJECT_CONVERSION = YES_AGGRESSIVE;
				CLANG_CXX_LANGUAGE_STANDARD = "gnu++20";
				CLANG_ENABLE_MODULES = YES;
				CLANG_ENABLE_OBJC_ARC = YES;
				CLANG_ENABLE_OBJC_WEAK = YES;
				CLANG_WARN_BLOCK_CAPTURE_AUTORELEASING = YES;
				CLANG_WARN_BOOL_CONVERSION = YES;
				CLANG_WARN_COMMA = YES;
				CLANG_WARN_CONSTANT_CONVERSION = YES;
				CLANG_WARN_DEPRECATED_OBJC_IMPLEMENTATIONS = YES;
				CLANG_WARN_DIRECT_OBJC_ISA_USAGE = YES_ERROR;
				CLANG_WARN_DOCUMENTATION_COMMENTS = YES;
				CLANG_WARN_EMPTY_BODY = YES;
				CLANG_WARN_ENUM_CONVERSION = YES;
				CLANG_WARN_INFINITE_RECURSION = YES;
				CLANG_WARN_INT_CONVERSION = YES;
				CLANG_WARN_NON_LITERAL_NULL_CONVERSION = YES;
				CLANG_WARN_OBJC_IMPLICIT_RETAIN_SELF = YES;
				CLANG_WARN_OBJC_LITERAL_CONVERSION = YES;
				CLANG_WARN_OBJC_ROOT_CLASS = YES_ERROR;
				CLANG_WARN_QUOTED_INCLUDE_IN_FRAMEWORK_HEADER = YES;
				CLANG_WARN_RANGE_LOOP_ANALYSIS = YES;
				CLANG_WARN_STRICT_PROTOTYPES = YES;
				CLANG_WARN_SUSPICIOUS_MOVE = YES;
				CLANG_WARN_UNGUARDED_AVAILABILITY = YES_AGGRESSIVE;
				CLANG_WARN_UNREACHABLE_CODE = YES;
				CLANG_WARN__DUPLICATE_METHOD_MATCH = YES;
				COPY_PHASE_STRIP = NO;
				DEBUG_INFORMATION_FORMAT = "dwarf-with-dsym";
				ENABLE_NS_ASSERTIONS = NO;
				ENABLE_STRICT_OBJC_MSGSEND = YES;
				ENABLE_USER_SCRIPT_SANDBOXING = YES;
				GCC_C_LANGUAGE_STANDARD = gnu17;
				GCC_NO_COMMON_BLOCKS = YES;
				GCC_WARN_64_TO_32_BIT_CONVERSION = YES;
				GCC_WARN_ABOUT_RETURN_TYPE = YES_ERROR;
				GCC_WARN_UNDECLARED_SELECTOR = YES;
				GCC_WARN_UNINITIALIZED_AUTOS = YES_AGGRESSIVE;
				GCC_WARN_UNUSED_FUNCTION = YES;
				GCC_WARN_UNUSED_VARIABLE = YES;
				LOCALIZATION_PREFERS_STRING_CATALOGS = YES;
				MACOSX_DEPLOYMENT_TARGET = 15.5;
				MTL_ENABLE_DEBUG_INFO = NO;
				MTL_FAST_MATH = YES;
				SDKROOT = macosx;
				SWIFT_COMPILATION_MODE = wholemodule;
			};
			name = Release;
		};
		D0C2BFC12E459D390017664B /* Debug */ = {
			isa = XCBuildConfiguration;
			buildSettings = {
				ASSETCATALOG_COMPILER_APPICON_NAME = AppIcon;
				ASSETCATALOG_COMPILER_GLOBAL_ACCENT_COLOR_NAME = AccentColor;
				CODE_SIGN_ENTITLEMENTS = Walle/Walle.entitlements;
				CODE_SIGN_STYLE = Automatic;
				COMBINE_HIDPI_IMAGES = YES;
				CURRENT_PROJECT_VERSION = 1;
				ENABLE_PREVIEWS = YES;
				GENERATE_INFOPLIST_FILE = YES;
				INFOPLIST_KEY_NSHumanReadableCopyright = "";
				LD_RUNPATH_SEARCH_PATHS = (
					"$(inherited)",
					"@executable_path/../Frameworks",
				);
				MACOSX_DEPLOYMENT_TARGET = 14.0;
				MARKETING_VERSION = 1.0;
				PRODUCT_BUNDLE_IDENTIFIER = brew.org.Walle;
				PRODUCT_NAME = "$(TARGET_NAME)";
				REGISTER_APP_GROUPS = YES;
				SWIFT_EMIT_LOC_STRINGS = YES;
				SWIFT_VERSION = 5.0;
			};
			name = Debug;
		};
		D0C2BFC22E459D390017664B /* Release */ = {
			isa = XCBuildConfiguration;
			buildSettings = {
				ASSETCATALOG_COMPILER_APPICON_NAME = AppIcon;
				ASSETCATALOG_COMPILER_GLOBAL_ACCENT_COLOR_NAME = AccentColor;
				CODE_SIGN_ENTITLEMENTS = Walle/Walle.entitlements;
				CODE_SIGN_STYLE = Automatic;
				COMBINE_HIDPI_IMAGES = YES;
				CURRENT_PROJECT_VERSION = 1;
				ENABLE_PREVIEWS = YES;
				GENERATE_INFOPLIST_FILE = YES;
				INFOPLIST_KEY_NSHumanReadableCopyright = "";
				LD_RUNPATH_SEARCH_PATHS = (
					"$(inherited)",
					"@executable_path/../Frameworks",
				);
				MACOSX_DEPLOYMENT_TARGET = 14.0;
				MARKETING_VERSION = 1.0;
				PRODUCT_BUNDLE_IDENTIFIER = brew.org.Walle;
				PRODUCT_NAME = "$(TARGET_NAME)";
				REGISTER_APP_GROUPS = YES;
				SWIFT_EMIT_LOC_STRINGS = YES;
				SWIFT_VERSION = 5.0;
			};
			name = Release;
		};
		D0C2BFC42E459D390017664B /* Debug */ = {
			isa = XCBuildConfiguration;
			buildSettings = {
				BUNDLE_LOADER = "$(TEST_HOST)";
				CODE_SIGN_STYLE = Automatic;
				CURRENT_PROJECT_VERSION = 1;
				GENERATE_INFOPLIST_FILE = YES;
				MACOSX_DEPLOYMENT_TARGET = 14.0;
				MARKETING_VERSION = 1.0;
				PRODUCT_BUNDLE_IDENTIFIER = brew.org.WalleTests;
				PRODUCT_NAME = "$(TARGET_NAME)";
				SWIFT_EMIT_LOC_STRINGS = NO;
				SWIFT_VERSION = 5.0;
				TEST_HOST = "$(BUILT_PRODUCTS_DIR)/Walle.app/$(BUNDLE_EXECUTABLE_FOLDER_PATH)/Walle";
			};
			name = Debug;
		};
		D0C2BFC52E459D390017664B /* Release */ = {
			isa = XCBuildConfiguration;
			buildSettings = {
				BUNDLE_LOADER = "$(TEST_HOST)";
				CODE_SIGN_STYLE = Automatic;
				CURRENT_PROJECT_VERSION = 1;
				GENERATE_INFOPLIST_FILE = YES;
				MACOSX_DEPLOYMENT_TARGET = 14.0;
				MARKETING_VERSION = 1.0;
				PRODUCT_BUNDLE_IDENTIFIER = brew.org.WalleTests;
				PRODUCT_NAME = "$(TARGET_NAME)";
				SWIFT_EMIT_LOC_STRINGS = NO;
				SWIFT_VERSION = 5.0;
				TEST_HOST = "$(BUILT_PRODUCTS_DIR)/Walle.app/$(BUNDLE_EXECUTABLE_FOLDER_PATH)/Walle";
			};
			name = Release;
		};
		D0C2BFC72E459D390017664B /* Debug */ = {
			isa = XCBuildConfiguration;
			buildSettings = {
				CODE_SIGN_STYLE = Automatic;
				CURRENT_PROJECT_VERSION = 1;
				GENERATE_INFOPLIST_FILE = YES;
				MARKETING_VERSION = 1.0;
				PRODUCT_BUNDLE_IDENTIFIER = brew.org.WalleUITests;
				PRODUCT_NAME = "$(TARGET_NAME)";
				SWIFT_EMIT_LOC_STRINGS = NO;
				SWIFT_VERSION = 5.0;
				TEST_TARGET_NAME = Walle;
			};
			name = Debug;
		};
		D0C2BFC82E459D390017664B /* Release */ = {
			isa = XCBuildConfiguration;
			buildSettings = {
				CODE_SIGN_STYLE = Automatic;
				CURRENT_PROJECT_VERSION = 1;
				GENERATE_INFOPLIST_FILE = YES;
				MARKETING_VERSION = 1.0;
				PRODUCT_BUNDLE_IDENTIFIER = brew.org.WalleUITests;
				PRODUCT_NAME = "$(TARGET_NAME)";
				SWIFT_EMIT_LOC_STRINGS = NO;
				SWIFT_VERSION = 5.0;
				TEST_TARGET_NAME = Walle;
			};
			name = Release;
		};
/* Begin XCRemoteSwiftPackageReference section */
		D0SPMPKG2E459D3A00017664B /* XCRemoteSwiftPackageReference "SwiftSoup" */ = {
			isa = XCRemoteSwiftPackageReference;
			repositoryURL = "https://github.com/scinfu/SwiftSoup.git";
			requirement = {
				kind = upToNextMajorVersion;
				minimumVersion = 2.7.2;
			};
		};
/* End XCRemoteSwiftPackageReference section */

/* Begin XCSwiftPackageProductDependency section */
		D0SPMPROD2E459D3A00017664B /* SwiftSoup */ = {
			isa = XCSwiftPackageProductDependency;
			package = D0SPMPKG2E459D3A00017664B /* XCRemoteSwiftPackageReference "SwiftSoup" */;
			productName = SwiftSoup;
		};
/* End XCSwiftPackageProductDependency section */
/* End XCBuildConfiguration section */

/* Begin XCConfigurationList section */
		D0043E9B2E45BA6F003F55D4 /* Build configuration list for PBXNativeTarget "WalleScreensaver" */ = {
			isa = XCConfigurationList;
			buildConfigurations = (
				D0043E992E45BA6F003F55D4 /* Debug */,
				D0043E9A2E45BA6F003F55D4 /* Release */,
			);
			defaultConfigurationIsVisible = 0;
			defaultConfigurationName = Release;
		};
		D0C2BF972E459D370017664B /* Build configuration list for PBXProject "Walle" */ = {
			isa = XCConfigurationList;
			buildConfigurations = (
				D0C2BFBE2E459D390017664B /* Debug */,
				D0C2BFBF2E459D390017664B /* Release */,
			);
			defaultConfigurationIsVisible = 0;
			defaultConfigurationName = Release;
		};
		D0C2BFC02E459D390017664B /* Build configuration list for PBXNativeTarget "Walle" */ = {
			isa = XCConfigurationList;
			buildConfigurations = (
				D0C2BFC12E459D390017664B /* Debug */,
				D0C2BFC22E459D390017664B /* Release */,
			);
			defaultConfigurationIsVisible = 0;
			defaultConfigurationName = Release;
		};
		D0C2BFC32E459D390017664B /* Build configuration list for PBXNativeTarget "WalleTests" */ = {
			isa = XCConfigurationList;
			buildConfigurations = (
				D0C2BFC42E459D390017664B /* Debug */,
				D0C2BFC52E459D390017664B /* Release */,
			);
			defaultConfigurationIsVisible = 0;
			defaultConfigurationName = Release;
		};
		D0C2BFC62E459D390017664B /* Build configuration list for PBXNativeTarget "WalleUITests" */ = {
			isa = XCConfigurationList;
			buildConfigurations = (
				D0C2BFC72E459D390017664B /* Debug */,
				D0C2BFC82E459D390017664B /* Release */,
			);
			defaultConfigurationIsVisible = 0;
			defaultConfigurationName = Release;
		};
/* End XCConfigurationList section */
	};
	rootObject = D0C2BF942E459D370017664B /* Project object */;
}
